{
  "requires": true,
  "lockfileVersion": 1,
  "dependencies": {
    "tabby-background": {
      "version": "1.3.4",
      "resolved": "https://registry.npmjs.org/tabby-background/-/tabby-background-1.3.4.tgz",
      "integrity": "sha512-hufKGTXNaM8J45hfsplwJqSVjsF/75dqzqKUbsVhWOS9tRfuzgsriAKpMdIPhUi3skZ+O6ArjcFx9NcXxOmcnw=="
    }
  }
}
